
Microsoft Visual Studio Solution File, Format Version 12.00
# Visual Studio Version 16
VisualStudioVersion = 16.0.31205.134
MinimumVisualStudioVersion = 10.0.40219.1
Project("{FAE04EC0-301F-11D3-BF4B-00C04F79EFBC}") = "task_14.04", "task_14.04.csproj", "{0E5931C1-7D4D-404B-B7C5-AE12C5036C31}"
EndProject
Global
	GlobalSection(SolutionConfigurationPlatforms) = preSolution
		Debug|Any CPU = Debug|Any CPU
		Release|Any CPU = Release|Any CPU
	EndGlobalSection
	GlobalSection(ProjectConfigurationPlatforms) = postSolution
		{0E5931C1-7D4D-404B-B7C5-AE12C5036C31}.Debug|Any CPU.ActiveCfg = Debug|Any CPU
		{0E5931C1-7D4D-404B-B7C5-AE12C5036C31}.Debug|Any CPU.Build.0 = Debug|Any CPU
		{0E5931C1-7D4D-404B-B7C5-AE12C5036C31}.Release|Any CPU.ActiveCfg = Release|Any CPU
		{0E5931C1-7D4D-404B-B7C5-AE12C5036C31}.Release|Any CPU.Build.0 = Release|Any CPU
	EndGlobalSection
	GlobalSection(SolutionProperties) = preSolution
		HideSolutionNode = FALSE
	EndGlobalSection
	GlobalSection(ExtensibilityGlobals) = postSolution
		SolutionGuid = {7EEC72E8-A03F-4D91-90A6-1848516981D8}
	EndGlobalSection
EndGlobal
